// !$*UTF8*$!
{
	archiveVersion = 1;
	classes = {
	};
	objectVersion = 46;
	objects = {

/* Begin PBXBuildFile section */
		96AC6EC21B05158700A00EF2 /* main.m in Sources */ = {isa = PBXBuildFile; fileRef = 96AC6EC11B05158700A00EF2 /* main.m */; };
		96AC6EC51B05158700A00EF2 /* AppDelegate.m in Sources */ = {isa = PBXBuildFile; fileRef = 96AC6EC41B05158700A00EF2 /* AppDelegate.m */; };
		96AC6EC81B05158700A00EF2 /* ViewController.m in Sources */ = {isa = PBXBuildFile; fileRef = 96AC6EC71B05158700A00EF2 /* ViewController.m */; };
		96AC6ECB1B05158700A00EF2 /* Main.storyboard in Resources */ = {isa = PBXBuildFile; fileRef = 96AC6EC91B05158700A00EF2 /* Main.storyboard */; };
		96AC6ECD1B05158700A00EF2 /* Images.xcassets in Resources */ = {isa = PBXBuildFile; fileRef = 96AC6ECC1B05158700A00EF2 /* Images.xcassets */; };
		96AC6ED01B05158700A00EF2 /* LaunchScreen.xib in Resources */ = {isa = PBXBuildFile; fileRef = 96AC6ECE1B05158700A00EF2 /* LaunchScreen.xib */; };
		96AC6EDC1B05158800A00EF2 /* FastestRPMTests.m in Sources */ = {isa = PBXBuildFile; fileRef = 96AC6EDB1B05158800A00EF2 /* FastestRPMTests.m */; };
		96AC6EE71B05171200A00EF2 /* speedometer.png in Resources */ = {isa = PBXBuildFile; fileRef = 96AC6EE61B05171200A00EF2 /* speedometer.png */; };
		96AC6EE91B05198400A00EF2 /* needle.png in Resources */ = {isa = PBXBuildFile; fileRef = 96AC6EE81B05198400A00EF2 /* needle.png */; };
/* End PBXBuildFile section */

/* Begin PBXContainerItemProxy section */
		96AC6ED61B05158800A00EF2 /* PBXContainerItemProxy */ = {
			isa = PBXContainerItemProxy;
			containerPortal = 96AC6EB41B05158700A00EF2 /* Project object */;
			proxyType = 1;
			remoteGlobalIDString = 96AC6EBB1B05158700A00EF2;
			remoteInfo = FastestRPM;
		};
/* End PBXContainerItemProxy section */

/* Begin PBXFileReference section */
		96AC6EBC1B05158700A00EF2 /* FastestRPM.app */ = {isa = PBXFileReference; explicitFileType = wrapper.application; includeInIndex = 0; path = FastestRPM.app; sourceTree = BUILT_PRODUCTS_DIR; };
		96AC6EC01B05158700A00EF2 /* Info.plist */ = {isa = PBXFileReference; lastKnownFileType = text.plist.xml; path = Info.plist; sourceTree = "<group>"; };
		96AC6EC11B05158700A00EF2 /* main.m */ = {isa = PBXFileReference; lastKnownFileType = sourcecode.c.objc; path = main.m; sourceTree = "<group>"; };
		96AC6EC31B05158700A00EF2 /* AppDelegate.h */ = {isa = PBXFileReference; lastKnownFileType = sourcecode.c.h; path = AppDelegate.h; sourceTree = "<group>"; };
		96AC6EC41B05158700A00EF2 /* AppDelegate.m */ = {isa = PBXFileReference; lastKnownFileType = sourcecode.c.objc; path = AppDelegate.m; sourceTree = "<group>"; };
		96AC6EC61B05158700A00EF2 /* ViewController.h */ = {isa = PBXFileReference; lastKnownFileType = sourcecode.c.h; path = ViewController.h; sourceTree = "<group>"; };
		96AC6EC71B05158700A00EF2 /* ViewController.m */ = {isa = PBXFileReference; lastKnownFileType = sourcecode.c.objc; path = ViewController.m; sourceTree = "<group>"; };
		96AC6ECA1B05158700A00EF2 /* Base */ = {isa = PBXFileReference; lastKnownFileType = file.storyboard; name = Base; path = Base.lproj/Main.storyboard; sourceTree = "<group>"; };
		96AC6ECC1B05158700A00EF2 /* Images.xcassets */ = {isa = PBXFileReference; lastKnownFileType = folder.assetcatalog; path = Images.xcassets; sourceTree = "<group>"; };
		96AC6ECF1B05158700A00EF2 /* Base */ = {isa = PBXFileReference; lastKnownFileType = file.xib; name = Base; path = Base.lproj/LaunchScreen.xib; sourceTree = "<group>"; };
		96AC6ED51B05158800A00EF2 /* FastestRPMTests.xctest */ = {isa = PBXFileReference; explicitFileType = wrapper.cfbundle; includeInIndex = 0; path = FastestRPMTests.xctest; sourceTree = BUILT_PRODUCTS_DIR; };
		96AC6EDA1B05158800A00EF2 /* Info.plist */ = {isa = PBXFileReference; lastKnownFileType = text.plist.xml; path = Info.plist; sourceTree = "<group>"; };
		96AC6EDB1B05158800A00EF2 /* FastestRPMTests.m */ = {isa = PBXFileReference; lastKnownFileType = sourcecode.c.objc; path = FastestRPMTests.m; sourceTree = "<group>"; };
		96AC6EE61B05171200A00EF2 /* speedometer.png */ = {isa = PBXFileReference; lastKnownFileType = image.png; name = speedometer.png; path = FastestRPM/Image/speedometer.png; sourceTree = "<group>"; };
		96AC6EE81B05198400A00EF2 /* needle.png */ = {isa = PBXFileReference; lastKnownFileType = image.png; name = needle.png; path = FastestRPM/Image/needle.png; sourceTree = "<group>"; };
/* End PBXFileReference section */

/* Begin PBXFrameworksBuildPhase section */
		96AC6EB91B05158700A00EF2 /* Frameworks */ = {
			isa = PBXFrameworksBuildPhase;
			buildActionMask = 2147483647;
			files = (
			);
			runOnlyForDeploymentPostprocessing = 0;
		};
		96AC6ED21B05158800A00EF2 /* Frameworks */ = {
			isa = PBXFrameworksBuildPhase;
			buildActionMask = 2147483647;
			files = (
			);
			runOnlyForDeploymentPostprocessing = 0;
		};
/* End PBXFrameworksBuildPhase section */

/* Begin PBXGroup section */
		96AC6EB31B05158700A00EF2 = {
			isa = PBXGroup;
			children = (
				96AC6EE51B0516DC00A00EF2 /* Image */,
				96AC6EBE1B05158700A00EF2 /* FastestRPM */,
				96AC6ED81B05158800A00EF2 /* FastestRPMTests */,
				96AC6EBD1B05158700A00EF2 /* Products */,
			);
			sourceTree = "<group>";
		};
		96AC6EBD1B05158700A00EF2 /* Products */ = {
			isa = PBXGroup;
			children = (
				96AC6EBC1B05158700A00EF2 /* FastestRPM.app */,
				96AC6ED51B05158800A00EF2 /* FastestRPMTests.xctest */,
			);
			name = Products;
			sourceTree = "<group>";
		};
		96AC6EBE1B05158700A00EF2 /* FastestRPM */ = {
			isa = PBXGroup;
			children = (
				96AC6EC31B05158700A00EF2 /* AppDelegate.h */,
				96AC6EC41B05158700A00EF2 /* AppDelegate.m */,
				96AC6EC61B05158700A00EF2 /* ViewController.h */,
				96AC6EC71B05158700A00EF2 /* ViewController.m */,
				96AC6EC91B05158700A00EF2 /* Main.storyboard */,
				96AC6ECC1B05158700A00EF2 /* Images.xcassets */,
				96AC6ECE1B05158700A00EF2 /* LaunchScreen.xib */,
				96AC6EBF1B05158700A00EF2 /* Supporting Files */,
			);
			path = FastestRPM;
			sourceTree = "<group>";
		};
		96AC6EBF1B05158700A00EF2 /* Supporting Files */ = {
			isa = PBXGroup;
			children = (
				96AC6EC01B05158700A00EF2 /* Info.plist */,
				96AC6EC11B05158700A00EF2 /* main.m */,
			);
			name = "Supporting Files";
			sourceTree = "<group>";
		};
		96AC6ED81B05158800A00EF2 /* FastestRPMTests */ = {
			isa = PBXGroup;
			children = (
				96AC6EDB1B05158800A00EF2 /* FastestRPMTests.m */,
				96AC6ED91B05158800A00EF2 /* Supporting Files */,
			);
			path = FastestRPMTests;
			sourceTree = "<group>";
		};
		96AC6ED91B05158800A00EF2 /* Supporting Files */ = {
			isa = PBXGroup;
			children = (
				96AC6EDA1B05158800A00EF2 /* Info.plist */,
			);
			name = "Supporting Files";
			sourceTree = "<group>";
		};
		96AC6EE51B0516DC00A00EF2 /* Image */ = {
			isa = PBXGroup;
			children = (
				96AC6EE61B05171200A00EF2 /* speedometer.png */,
				96AC6EE81B05198400A00EF2 /* needle.png */,
			);
			name = Image;
			sourceTree = "<group>";
		};
/* End PBXGroup section */

/* Begin PBXNativeTarget section */
		96AC6EBB1B05158700A00EF2 /* FastestRPM */ = {
			isa = PBXNativeTarget;
			buildConfigurationList = 96AC6EDF1B05158800A00EF2 /* Build configuration list for PBXNativeTarget "FastestRPM" */;
			buildPhases = (
				96AC6EB81B05158700A00EF2 /* Sources */,
				96AC6EB91B05158700A00EF2 /* Frameworks */,
				96AC6EBA1B05158700A00EF2 /* Resources */,
			);
			buildRules = (
			);
			dependencies = (
			);
			name = FastestRPM;
			productName = FastestRPM;
			productReference = 96AC6EBC1B05158700A00EF2 /* FastestRPM.app */;
			productType = "com.apple.product-type.application";
		};
		96AC6ED41B05158800A00EF2 /* FastestRPMTests */ = {
			isa = PBXNativeTarget;
			buildConfigurationList = 96AC6EE21B05158800A00EF2 /* Build configuration list for PBXNativeTarget "FastestRPMTests" */;
			buildPhases = (
				96AC6ED11B05158800A00EF2 /* Sources */,
				96AC6ED21B05158800A00EF2 /* Frameworks */,
				96AC6ED31B05158800A00EF2 /* Resources */,
			);
			buildRules = (
			);
			dependencies = (
				96AC6ED71B05158800A00EF2 /* PBXTargetDependency */,
			);
			name = FastestRPMTests;
			productName = FastestRPMTests;
			productReference = 96AC6ED51B05158800A00EF2 /* FastestRPMTests.xctest */;
			productType = "com.apple.product-type.bundle.unit-test";
		};
/* End PBXNativeTarget section */

/* Begin PBXProject section */
		96AC6EB41B05158700A00EF2 /* Project object */ = {
			isa = PBXProject;
			attributes = {
				LastUpgradeCheck = 0630;
				ORGANIZATIONNAME = "Ian Tsai";
				TargetAttributes = {
					96AC6EBB1B05158700A00EF2 = {
						CreatedOnToolsVersion = 6.3.1;
					};
					96AC6ED41B05158800A00EF2 = {
						CreatedOnToolsVersion = 6.3.1;
						TestTargetID = 96AC6EBB1B05158700A00EF2;
					};
				};
			};
			buildConfigurationList = 96AC6EB71B05158700A00EF2 /* Build configuration list for PBXProject "FastestRPM" */;
			compatibilityVersion = "Xcode 3.2";
			developmentRegion = English;
			hasScannedForEncodings = 0;
			knownRegions = (
				en,
				Base,
			);
			mainGroup = 96AC6EB31B05158700A00EF2;
			productRefGroup = 96AC6EBD1B05158700A00EF2 /* Products */;
			projectDirPath = "";
			projectRoot = "";
			targets = (
				96AC6EBB1B05158700A00EF2 /* FastestRPM */,
				96AC6ED41B05158800A00EF2 /* FastestRPMTests */,
			);
		};
/* End PBXProject section */

/* Begin PBXResourcesBuildPhase section */
		96AC6EBA1B05158700A00EF2 /* Resources */ = {
			isa = PBXResourcesBuildPhase;
			buildActionMask = 2147483647;
			files = (
				96AC6ECB1B05158700A00EF2 /* Main.storyboard in Resources */,
				96AC6EE91B05198400A00EF2 /* needle.png in Resources */,
				96AC6ED01B05158700A00EF2 /* LaunchScreen.xib in Resources */,
				96AC6ECD1B05158700A00EF2 /* Images.xcassets in Resources */,
				96AC6EE71B05171200A00EF2 /* speedometer.png in Resources */,
			);
			runOnlyForDeploymentPostprocessing = 0;
		};
		96AC6ED31B05158800A00EF2 /* Resources */ = {
			isa = PBXResourcesBuildPhase;
			buildActionMask = 2147483647;
			files = (
			);
			runOnlyForDeploymentPostprocessing = 0;
		};
/* End PBXResourcesBuildPhase section */

/* Begin PBXSourcesBuildPhase section */
		96AC6EB81B05158700A00EF2 /* Sources */ = {
			isa = PBXSourcesBuildPhase;
			buildActionMask = 2147483647;
			files = (
				96AC6EC81B05158700A00EF2 /* ViewController.m in Sources */,
				96AC6EC51B05158700A00EF2 /* AppDelegate.m in Sources */,
				96AC6EC21B05158700A00EF2 /* main.m in Sources */,
			);
			runOnlyForDeploymentPostprocessing = 0;
		};
		96AC6ED11B05158800A00EF2 /* Sources */ = {
			isa = PBXSourcesBuildPhase;
			buildActionMask = 2147483647;
			files = (
				96AC6EDC1B05158800A00EF2 /* FastestRPMTests.m in Sources */,
			);
			runOnlyForDeploymentPostprocessing = 0;
		};
/* End PBXSourcesBuildPhase section */

/* Begin PBXTargetDependency section */
		96AC6ED71B05158800A00EF2 /* PBXTargetDependency */ = {
			isa = PBXTargetDependency;
			target = 96AC6EBB1B05158700A00EF2 /* FastestRPM */;
			targetProxy = 96AC6ED61B05158800A00EF2 /* PBXContainerItemProxy */;
		};
/* End PBXTargetDependency section */

/* Begin PBXVariantGroup section */
		96AC6EC91B05158700A00EF2 /* Main.storyboard */ = {
			isa = PBXVariantGroup;
			children = (
				96AC6ECA1B05158700A00EF2 /* Base */,
			);
			name = Main.storyboard;
			sourceTree = "<group>";
		};
		96AC6ECE1B05158700A00EF2 /* LaunchScreen.xib */ = {
			isa = PBXVariantGroup;
			children = (
				96AC6ECF1B05158700A00EF2 /* Base */,
			);
			name = LaunchScreen.xib;
			sourceTree = "<group>";
		};
/* End PBXVariantGroup section */

/* Begin XCBuildConfiguration section */
		96AC6EDD1B05158800A00EF2 /* Debug */ = {
			isa = XCBuildConfiguration;
			buildSettings = {
				ALWAYS_SEARCH_USER_PATHS = NO;
				CLANG_CXX_LANGUAGE_STANDARD = "gnu++0x";
				CLANG_CXX_LIBRARY = "libc++";
				CLANG_ENABLE_MODULES = YES;
				CLANG_ENABLE_OBJC_ARC = YES;
				CLANG_WARN_BOOL_CONVERSION = YES;
				CLANG_WARN_CONSTANT_CONVERSION = YES;
				CLANG_WARN_DIRECT_OBJC_ISA_USAGE = YES_ERROR;
				CLANG_WARN_EMPTY_BODY = YES;
				CLANG_WARN_ENUM_CONVERSION = YES;
				CLANG_WARN_INT_CONVERSION = YES;
				CLANG_WARN_OBJC_ROOT_CLASS = YES_ERROR;
				CLANG_WARN_UNREACHABLE_CODE = YES;
				CLANG_WARN__DUPLICATE_METHOD_MATCH = YES;
				"CODE_SIGN_IDENTITY[sdk=iphoneos*]" = "iPhone Developer";
				COPY_PHASE_STRIP = NO;
				DEBUG_INFORMATION_FORMAT = "dwarf-with-dsym";
				ENABLE_STRICT_OBJC_MSGSEND = YES;
				GCC_C_LANGUAGE_STANDARD = gnu99;
				GCC_DYNAMIC_NO_PIC = NO;
				GCC_NO_COMMON_BLOCKS = YES;
				GCC_OPTIMIZATION_LEVEL = 0;
				GCC_PREPROCESSOR_DEFINITIONS = (
					"DEBUG=1",
					"$(inherited)",
				);
				GCC_SYMBOLS_PRIVATE_EXTERN = NO;
				GCC_WARN_64_TO_32_BIT_CONVERSION = YES;
				GCC_WARN_ABOUT_RETURN_TYPE = YES_ERROR;
				GCC_WARN_UNDECLARED_SELECTOR = YES;
				GCC_WARN_UNINITIALIZED_AUTOS = YES_AGGRESSIVE;
				GCC_WARN_UNUSED_FUNCTION = YES;
				GCC_WARN_UNUSED_VARIABLE = YES;
				IPHONEOS_DEPLOYMENT_TARGET = 8.3;
				MTL_ENABLE_DEBUG_INFO = YES;
				ONLY_ACTIVE_ARCH = YES;
				SDKROOT = iphoneos;
			};
			name = Debug;
		};
		96AC6EDE1B05158800A00EF2 /* Release */ = {
			isa = XCBuildConfiguration;
			buildSettings = {
				ALWAYS_SEARCH_USER_PATHS = NO;
				CLANG_CXX_LANGUAGE_STANDARD = "gnu++0x";
				CLANG_CXX_LIBRARY = "libc++";
				CLANG_ENABLE_MODULES = YES;
				CLANG_ENABLE_OBJC_ARC = YES;
				CLANG_WARN_BOOL_CONVERSION = YES;
				CLANG_WARN_CONSTANT_CONVERSION = YES;
				CLANG_WARN_DIRECT_OBJC_ISA_USAGE = YES_ERROR;
				CLANG_WARN_EMPTY_BODY = YES;
				CLANG_WARN_ENUM_CONVERSION = YES;
				CLANG_WARN_INT_CONVERSION = YES;
				CLANG_WARN_OBJC_ROOT_CLASS = YES_ERROR;
				CLANG_WARN_UNREACHABLE_CODE = YES;
				CLANG_WARN__DUPLICATE_METHOD_MATCH = YES;
				"CODE_SIGN_IDENTITY[sdk=iphoneos*]" = "iPhone Developer";
				COPY_PHASE_STRIP = NO;
				DEBUG_INFORMATION_FORMAT = "dwarf-with-dsym";
				ENABLE_NS_ASSERTIONS = NO;
				ENABLE_STRICT_OBJC_MSGSEND = YES;
				GCC_C_LANGUAGE_STANDARD = gnu99;
				GCC_NO_COMMON_BLOCKS = YES;
				GCC_WARN_64_TO_32_BIT_CONVERSION = YES;
				GCC_WARN_ABOUT_RETURN_TYPE = YES_ERROR;
				GCC_WARN_UNDECLARED_SELECTOR = YES;
				GCC_WARN_UNINITIALIZED_AUTOS = YES_AGGRESSIVE;
				GCC_WARN_UNUSED_FUNCTION = YES;
				GCC_WARN_UNUSED_VARIABLE = YES;
				IPHONEOS_DEPLOYMENT_TARGET = 8.3;
				MTL_ENABLE_DEBUG_INFO = NO;
				SDKROOT = iphoneos;
				VALIDATE_PRODUCT = YES;
			};
			name = Release;
		};
		96AC6EE01B05158800A00EF2 /* Debug */ = {
			isa = XCBuildConfiguration;
			buildSettings = {
				ASSETCATALOG_COMPILER_APPICON_NAME = AppIcon;
				INFOPLIST_FILE = FastestRPM/Info.plist;
				LD_RUNPATH_SEARCH_PATHS = "$(inherited) @executable_path/Frameworks";
				PRODUCT_NAME = "$(TARGET_NAME)";
			};
			name = Debug;
		};
		96AC6EE11B05158800A00EF2 /* Release */ = {
			isa = XCBuildConfiguration;
			buildSettings = {
				ASSETCATALOG_COMPILER_APPICON_NAME = AppIcon;
				INFOPLIST_FILE = FastestRPM/Info.plist;
				LD_RUNPATH_SEARCH_PATHS = "$(inherited) @executable_path/Frameworks";
				PRODUCT_NAME = "$(TARGET_NAME)";
			};
			name = Release;
		};
		96AC6EE31B05158800A00EF2 /* Debug */ = {
			isa = XCBuildConfiguration;
			buildSettings = {
				BUNDLE_LOADER = "$(TEST_HOST)";
				FRAMEWORK_SEARCH_PATHS = (
					"$(SDKROOT)/Developer/Library/Frameworks",
					"$(inherited)",
				);
				GCC_PREPROCESSOR_DEFINITIONS = (
					"DEBUG=1",
					"$(inherited)",
				);
				INFOPLIST_FILE = FastestRPMTests/Info.plist;
				LD_RUNPATH_SEARCH_PATHS = "$(inherited) @executable_path/Frameworks @loader_path/Frameworks";
				PRODUCT_NAME = "$(TARGET_NAME)";
				TEST_HOST = "$(BUILT_PRODUCTS_DIR)/FastestRPM.app/FastestRPM";
			};
			name = Debug;
		};
		96AC6EE41B05158800A00EF2 /* Release */ = {
			isa = XCBuildConfiguration;
			buildSettings = {
				BUNDLE_LOADER = "$(TEST_HOST)";
				FRAMEWORK_SEARCH_PATHS = (
					"$(SDKROOT)/Developer/Library/Frameworks",
					"$(inherited)",
				);
				INFOPLIST_FILE = FastestRPMTests/Info.plist;
				LD_RUNPATH_SEARCH_PATHS = "$(inherited) @executable_path/Frameworks @loader_path/Frameworks";
				PRODUCT_NAME = "$(TARGET_NAME)";
				TEST_HOST = "$(BUILT_PRODUCTS_DIR)/FastestRPM.app/FastestRPM";
			};
			name = Release;
		};
/* End XCBuildConfiguration section */

/* Begin XCConfigurationList section */
		96AC6EB71B05158700A00EF2 /* Build configuration list for PBXProject "FastestRPM" */ = {
			isa = XCConfigurationList;
			buildConfigurations = (
				96AC6EDD1B05158800A00EF2 /* Debug */,
				96AC6EDE1B05158800A00EF2 /* Release */,
			);
			defaultConfigurationIsVisible = 0;
			defaultConfigurationName = Release;
		};
		96AC6EDF1B05158800A00EF2 /* Build configuration list for PBXNativeTarget "FastestRPM" */ = {
			isa = XCConfigurationList;
			buildConfigurations = (
				96AC6EE01B05158800A00EF2 /* Debug */,
				96AC6EE11B05158800A00EF2 /* Release */,
			);
			defaultConfigurationIsVisible = 0;
		};
		96AC6EE21B05158800A00EF2 /* Build configuration list for PBXNativeTarget "FastestRPMTests" */ = {
			isa = XCConfigurationList;
			buildConfigurations = (
				96AC6EE31B05158800A00EF2 /* Debug */,
				96AC6EE41B05158800A00EF2 /* Release */,
			);
			defaultConfigurationIsVisible = 0;
		};
/* End XCConfigurationList section */
	};
	rootObject = 96AC6EB41B05158700A00EF2 /* Project object */;
}
